schema: '2.0'
stages:
  preprocess:
    cmd: python src/preprocess.py
    deps:
    - path: data/raw/data.csv
      hash: md5
      md5: f2906818eda8fcfc8f8416557ab1e6df
      size: 23873
    - path: src/preprocess.py
      hash: md5
      md5: 0b7ad24d3c3ea819f4dc54b2cd3729d7
      size: 589
    params:
      params.yaml:
        preprocess.input: data/raw/data.csv
        preprocess.output: data/processed/data.csv
    outs:
    - path: data/processed/data.csv
      hash: md5
      md5: 60acca81995dc9744b499005ecfe6f2a
      size: 23290
  train:
    cmd: python src/train.py
    deps:
    - path: data/raw/data.csv
      hash: md5
      md5: f2906818eda8fcfc8f8416557ab1e6df
      size: 23873
    - path: src/train.py
      hash: md5
      md5: 0469a8eab622f06ee39ca23117015411
      size: 3490
    params:
      params.yaml:
        train.data: data/processed/data.csv
        train.max_depth: 5
        train.model: models/model.pkl
        train.n_estimators: 100
        train.random_state: 42
    outs:
    - path: models/model.pkl
      hash: md5
      md5: d93514b77017dbe82a9086e9e8cf618b
      size: 2343473
  evaluate:
    cmd: python src/evaluate.py
    deps:
    - path: data/raw/data.csv
      hash: md5
      md5: f2906818eda8fcfc8f8416557ab1e6df
      size: 23873
    - path: models/model.pkl
      hash: md5
      md5: d93514b77017dbe82a9086e9e8cf618b
      size: 2343473
    - path: src/evaluate.py
      hash: md5
      md5: f341a49f3e6cb125d6c502a10843da56
      size: 1047
